
Microsoft Visual Studio Solution File, Format Version 12.00
# Visual Studio Version 17
VisualStudioVersion = 17.11.35312.102
MinimumVisualStudioVersion = 10.0.40219.1
Project("{FAE04EC0-301F-11D3-BF4B-00C04F79EFBC}") = "BaiTap3", "BaiTap3\BaiTap3.csproj", "{BE62833A-1E94-44A1-AD1E-9A4064A8A83F}"
EndProject
Global
	GlobalSection(SolutionConfigurationPlatforms) = preSolution
		Debug|Any CPU = Debug|Any CPU
		Release|Any CPU = Release|Any CPU
	EndGlobalSection
	GlobalSection(ProjectConfigurationPlatforms) = postSolution
		{BE62833A-1E94-44A1-AD1E-9A4064A8A83F}.Debug|Any CPU.ActiveCfg = Debug|Any CPU
		{BE62833A-1E94-44A1-AD1E-9A4064A8A83F}.Debug|Any CPU.Build.0 = Debug|Any CPU
		{BE62833A-1E94-44A1-AD1E-9A4064A8A83F}.Release|Any CPU.ActiveCfg = Release|Any CPU
		{BE62833A-1E94-44A1-AD1E-9A4064A8A83F}.Release|Any CPU.Build.0 = Release|Any CPU
	EndGlobalSection
	GlobalSection(SolutionProperties) = preSolution
		HideSolutionNode = FALSE
	EndGlobalSection
	GlobalSection(ExtensibilityGlobals) = postSolution
		SolutionGuid = {5802917E-0BC5-4E4D-859C-119251CE54F5}
	EndGlobalSection
EndGlobal
